
Microsoft Visual Studio Solution File, Format Version 12.00
# Visual Studio 15
VisualStudioVersion = 15.0.27703.2035
MinimumVisualStudioVersion = 10.0.40219.1
Project("{9A19103F-16F7-4668-BE54-9A1E7A4F7556}") = "Fiap01", "Fiap01.csproj", "{5A4DB08F-C86B-4E66-AED7-1537494D9B2A}"
EndProject
Global
	GlobalSection(SolutionConfigurationPlatforms) = preSolution
		Debug|Any CPU = Debug|Any CPU
		Release|Any CPU = Release|Any CPU
	EndGlobalSection
	GlobalSection(ProjectConfigurationPlatforms) = postSolution
		{5A4DB08F-C86B-4E66-AED7-1537494D9B2A}.Debug|Any CPU.ActiveCfg = Debug|Any CPU
		{5A4DB08F-C86B-4E66-AED7-1537494D9B2A}.Debug|Any CPU.Build.0 = Debug|Any CPU
		{5A4DB08F-C86B-4E66-AED7-1537494D9B2A}.Release|Any CPU.ActiveCfg = Release|Any CPU
		{5A4DB08F-C86B-4E66-AED7-1537494D9B2A}.Release|Any CPU.Build.0 = Release|Any CPU
	EndGlobalSection
	GlobalSection(SolutionProperties) = preSolution
		HideSolutionNode = FALSE
	EndGlobalSection
	GlobalSection(ExtensibilityGlobals) = postSolution
		SolutionGuid = {16B52DD3-00B6-42C1-891B-ED7158A4421E}
	EndGlobalSection
EndGlobal
